// !$*UTF8*$!
{
	archiveVersion = 1;
	classes = {
	};
	objectVersion = 46;
	objects = {

/* Begin PBXBuildFile section */
		D1F6EB0E1DDF4DDF002A860A /* AppDelegate.swift in Sources */ = {isa = PBXBuildFile; fileRef = D1F6EB0D1DDF4DDF002A860A /* AppDelegate.swift */; };
		D1F6EB101DDF4DDF002A860A /* ViewController.swift in Sources */ = {isa = PBXBuildFile; fileRef = D1F6EB0F1DDF4DDF002A860A /* ViewController.swift */; };
		D1F6EB131DDF4DDF002A860A /* Main.storyboard in Resources */ = {isa = PBXBuildFile; fileRef = D1F6EB111DDF4DDF002A860A /* Main.storyboard */; };
		D1F6EB151DDF4DDF002A860A /* Assets.xcassets in Resources */ = {isa = PBXBuildFile; fileRef = D1F6EB141DDF4DDF002A860A /* Assets.xcassets */; };
		D1F6EB181DDF4DDF002A860A /* LaunchScreen.storyboard in Resources */ = {isa = PBXBuildFile; fileRef = D1F6EB161DDF4DDF002A860A /* LaunchScreen.storyboard */; };
/* End PBXBuildFile section */

/* Begin PBXFileReference section */
		D1F6EB0A1DDF4DDF002A860A /* EMPageView_Playground.app */ = {isa = PBXFileReference; explicitFileType = wrapper.application; includeInIndex = 0; path = EMPageView_Playground.app; sourceTree = BUILT_PRODUCTS_DIR; };
		D1F6EB0D1DDF4DDF002A860A /* AppDelegate.swift */ = {isa = PBXFileReference; lastKnownFileType = sourcecode.swift; path = AppDelegate.swift; sourceTree = "<group>"; };
		D1F6EB0F1DDF4DDF002A860A /* ViewController.swift */ = {isa = PBXFileReference; lastKnownFileType = sourcecode.swift; path = ViewController.swift; sourceTree = "<group>"; };
		D1F6EB121DDF4DDF002A860A /* Base */ = {isa = PBXFileReference; lastKnownFileType = file.storyboard; name = Base; path = Base.lproj/Main.storyboard; sourceTree = "<group>"; };
		D1F6EB141DDF4DDF002A860A /* Assets.xcassets */ = {isa = PBXFileReference; lastKnownFileType = folder.assetcatalog; path = Assets.xcassets; sourceTree = "<group>"; };
		D1F6EB171DDF4DDF002A860A /* Base */ = {isa = PBXFileReference; lastKnownFileType = file.storyboard; name = Base; path = Base.lproj/LaunchScreen.storyboard; sourceTree = "<group>"; };
		D1F6EB191DDF4DDF002A860A /* Info.plist */ = {isa = PBXFileReference; lastKnownFileType = text.plist.xml; path = Info.plist; sourceTree = "<group>"; };
/* End PBXFileReference section */

/* Begin PBXFrameworksBuildPhase section */
		D1F6EB071DDF4DDF002A860A /* Frameworks */ = {
			isa = PBXFrameworksBuildPhase;
			buildActionMask = 2147483647;
			files = (
			);
			runOnlyForDeploymentPostprocessing = 0;
		};
/* End PBXFrameworksBuildPhase section */

/* Begin PBXGroup section */
		D1F6EB011DDF4DDF002A860A = {
			isa = PBXGroup;
			children = (
				D1F6EB0C1DDF4DDF002A860A /* EMPageView_Playground */,
				D1F6EB0B1DDF4DDF002A860A /* Products */,
			);
			sourceTree = "<group>";
		};
		D1F6EB0B1DDF4DDF002A860A /* Products */ = {
			isa = PBXGroup;
			children = (
				D1F6EB0A1DDF4DDF002A860A /* EMPageView_Playground.app */,
			);
			name = Products;
			sourceTree = "<group>";
		};
		D1F6EB0C1DDF4DDF002A860A /* EMPageView_Playground */ = {
			isa = PBXGroup;
			children = (
				D1F6EB0D1DDF4DDF002A860A /* AppDelegate.swift */,
				D1F6EB0F1DDF4DDF002A860A /* ViewController.swift */,
				D1F6EB111DDF4DDF002A860A /* Main.storyboard */,
				D1F6EB141DDF4DDF002A860A /* Assets.xcassets */,
				D1F6EB161DDF4DDF002A860A /* LaunchScreen.storyboard */,
				D1F6EB191DDF4DDF002A860A /* Info.plist */,
			);
			path = EMPageView_Playground;
			sourceTree = "<group>";
		};
/* End PBXGroup section */

/* Begin PBXNativeTarget section */
		D1F6EB091DDF4DDF002A860A /* EMPageView_Playground */ = {
			isa = PBXNativeTarget;
			buildConfigurationList = D1F6EB1C1DDF4DDF002A860A /* Build configuration list for PBXNativeTarget "EMPageView_Playground" */;
			buildPhases = (
				D1F6EB061DDF4DDF002A860A /* Sources */,
				D1F6EB071DDF4DDF002A860A /* Frameworks */,
				D1F6EB081DDF4DDF002A860A /* Resources */,
			);
			buildRules = (
			);
			dependencies = (
			);
			name = EMPageView_Playground;
			productName = EMPageView_Playground;
			productReference = D1F6EB0A1DDF4DDF002A860A /* EMPageView_Playground.app */;
			productType = "com.apple.product-type.application";
		};
/* End PBXNativeTarget section */

/* Begin PBXProject section */
		D1F6EB021DDF4DDF002A860A /* Project object */ = {
			isa = PBXProject;
			attributes = {
				LastSwiftUpdateCheck = 0810;
				LastUpgradeCheck = 0810;
				ORGANIZATIONNAME = "Laura Evans";
				TargetAttributes = {
					D1F6EB091DDF4DDF002A860A = {
						CreatedOnToolsVersion = 8.1;
						DevelopmentTeam = 859LK3T2WH;
						ProvisioningStyle = Automatic;
					};
				};
			};
			buildConfigurationList = D1F6EB051DDF4DDF002A860A /* Build configuration list for PBXProject "EMPageView_Playground" */;
			compatibilityVersion = "Xcode 3.2";
			developmentRegion = English;
			hasScannedForEncodings = 0;
			knownRegions = (
				en,
				Base,
			);
			mainGroup = D1F6EB011DDF4DDF002A860A;
			productRefGroup = D1F6EB0B1DDF4DDF002A860A /* Products */;
			projectDirPath = "";
			projectRoot = "";
			targets = (
				D1F6EB091DDF4DDF002A860A /* EMPageView_Playground */,
			);
		};
/* End PBXProject section */

/* Begin PBXResourcesBuildPhase section */
		D1F6EB081DDF4DDF002A860A /* Resources */ = {
			isa = PBXResourcesBuildPhase;
			buildActionMask = 2147483647;
			files = (
				D1F6EB181DDF4DDF002A860A /* LaunchScreen.storyboard in Resources */,
				D1F6EB151DDF4DDF002A860A /* Assets.xcassets in Resources */,
				D1F6EB131DDF4DDF002A860A /* Main.storyboard in Resources */,
			);
			runOnlyForDeploymentPostprocessing = 0;
		};
/* End PBXResourcesBuildPhase section */

/* Begin PBXSourcesBuildPhase section */
		D1F6EB061DDF4DDF002A860A /* Sources */ = {
			isa = PBXSourcesBuildPhase;
			buildActionMask = 2147483647;
			files = (
				D1F6EB101DDF4DDF002A860A /* ViewController.swift in Sources */,
				D1F6EB0E1DDF4DDF002A860A /* AppDelegate.swift in Sources */,
			);
			runOnlyForDeploymentPostprocessing = 0;
		};
/* End PBXSourcesBuildPhase section */

/* Begin PBXVariantGroup section */
		D1F6EB111DDF4DDF002A860A /* Main.storyboard */ = {
			isa = PBXVariantGroup;
			children = (
				D1F6EB121DDF4DDF002A860A /* Base */,
			);
			name = Main.storyboard;
			sourceTree = "<group>";
		};
		D1F6EB161DDF4DDF002A860A /* LaunchScreen.storyboard */ = {
			isa = PBXVariantGroup;
			children = (
				D1F6EB171DDF4DDF002A860A /* Base */,
			);
			name = LaunchScreen.storyboard;
			sourceTree = "<group>";
		};
/* End PBXVariantGroup section */

/* Begin XCBuildConfiguration section */
		D1F6EB1A1DDF4DDF002A860A /* Debug */ = {
			isa = XCBuildConfiguration;
			buildSettings = {
				ALWAYS_SEARCH_USER_PATHS = NO;
				CLANG_ANALYZER_NONNULL = YES;
				CLANG_CXX_LANGUAGE_STANDARD = "gnu++0x";
				CLANG_CXX_LIBRARY = "libc++";
				CLANG_ENABLE_MODULES = YES;
				CLANG_ENABLE_OBJC_ARC = YES;
				CLANG_WARN_BOOL_CONVERSION = YES;
				CLANG_WARN_CONSTANT_CONVERSION = YES;
				CLANG_WARN_DIRECT_OBJC_ISA_USAGE = YES_ERROR;
				CLANG_WARN_DOCUMENTATION_COMMENTS = YES;
				CLANG_WARN_EMPTY_BODY = YES;
				CLANG_WARN_ENUM_CONVERSION = YES;
				CLANG_WARN_INFINITE_RECURSION = YES;
				CLANG_WARN_INT_CONVERSION = YES;
				CLANG_WARN_OBJC_ROOT_CLASS = YES_ERROR;
				CLANG_WARN_SUSPICIOUS_MOVES = YES;
				CLANG_WARN_UNREACHABLE_CODE = YES;
				CLANG_WARN__DUPLICATE_METHOD_MATCH = YES;
				"CODE_SIGN_IDENTITY[sdk=iphoneos*]" = "iPhone Developer";
				COPY_PHASE_STRIP = NO;
				DEBUG_INFORMATION_FORMAT = dwarf;
				ENABLE_STRICT_OBJC_MSGSEND = YES;
				ENABLE_TESTABILITY = YES;
				GCC_C_LANGUAGE_STANDARD = gnu99;
				GCC_DYNAMIC_NO_PIC = NO;
				GCC_NO_COMMON_BLOCKS = YES;
				GCC_OPTIMIZATION_LEVEL = 0;
				GCC_PREPROCESSOR_DEFINITIONS = (
					"DEBUG=1",
					"$(inherited)",
				);
				GCC_WARN_64_TO_32_BIT_CONVERSION = YES;
				GCC_WARN_ABOUT_RETURN_TYPE = YES_ERROR;
				GCC_WARN_UNDECLARED_SELECTOR = YES;
				GCC_WARN_UNINITIALIZED_AUTOS = YES_AGGRESSIVE;
				GCC_WARN_UNUSED_FUNCTION = YES;
				GCC_WARN_UNUSED_VARIABLE = YES;
				IPHONEOS_DEPLOYMENT_TARGET = 10.1;
				MTL_ENABLE_DEBUG_INFO = YES;
				ONLY_ACTIVE_ARCH = YES;
				SDKROOT = iphoneos;
				SWIFT_ACTIVE_COMPILATION_CONDITIONS = DEBUG;
				SWIFT_OPTIMIZATION_LEVEL = "-Onone";
			};
			name = Debug;
		};
		D1F6EB1B1DDF4DDF002A860A /* Release */ = {
			isa = XCBuildConfiguration;
			buildSettings = {
				ALWAYS_SEARCH_USER_PATHS = NO;
				CLANG_ANALYZER_NONNULL = YES;
				CLANG_CXX_LANGUAGE_STANDARD = "gnu++0x";
				CLANG_CXX_LIBRARY = "libc++";
				CLANG_ENABLE_MODULES = YES;
				CLANG_ENABLE_OBJC_ARC = YES;
				CLANG_WARN_BOOL_CONVERSION = YES;
				CLANG_WARN_CONSTANT_CONVERSION = YES;
				CLANG_WARN_DIRECT_OBJC_ISA_USAGE = YES_ERROR;
				CLANG_WARN_DOCUMENTATION_COMMENTS = YES;
				CLANG_WARN_EMPTY_BODY = YES;
				CLANG_WARN_ENUM_CONVERSION = YES;
				CLANG_WARN_INFINITE_RECURSION = YES;
				CLANG_WARN_INT_CONVERSION = YES;
				CLANG_WARN_OBJC_ROOT_CLASS = YES_ERROR;
				CLANG_WARN_SUSPICIOUS_MOVES = YES;
				CLANG_WARN_UNREACHABLE_CODE = YES;
				CLANG_WARN__DUPLICATE_METHOD_MATCH = YES;
				"CODE_SIGN_IDENTITY[sdk=iphoneos*]" = "iPhone Developer";
				COPY_PHASE_STRIP = NO;
				DEBUG_INFORMATION_FORMAT = "dwarf-with-dsym";
				ENABLE_NS_ASSERTIONS = NO;
				ENABLE_STRICT_OBJC_MSGSEND = YES;
				GCC_C_LANGUAGE_STANDARD = gnu99;
				GCC_NO_COMMON_BLOCKS = YES;
				GCC_WARN_64_TO_32_BIT_CONVERSION = YES;
				GCC_WARN_ABOUT_RETURN_TYPE = YES_ERROR;
				GCC_WARN_UNDECLARED_SELECTOR = YES;
				GCC_WARN_UNINITIALIZED_AUTOS = YES_AGGRESSIVE;
				GCC_WARN_UNUSED_FUNCTION = YES;
				GCC_WARN_UNUSED_VARIABLE = YES;
				IPHONEOS_DEPLOYMENT_TARGET = 10.1;
				MTL_ENABLE_DEBUG_INFO = NO;
				SDKROOT = iphoneos;
				SWIFT_OPTIMIZATION_LEVEL = "-Owholemodule";
				VALIDATE_PRODUCT = YES;
			};
			name = Release;
		};
		D1F6EB1D1DDF4DDF002A860A /* Debug */ = {
			isa = XCBuildConfiguration;
			buildSettings = {
				ASSETCATALOG_COMPILER_APPICON_NAME = AppIcon;
				DEVELOPMENT_TEAM = 859LK3T2WH;
				INFOPLIST_FILE = EMPageView_Playground/Info.plist;
				LD_RUNPATH_SEARCH_PATHS = "$(inherited) @executable_path/Frameworks";
				PRODUCT_BUNDLE_IDENTIFIER = "com.Laura-Evans.EMPageView-Playground";
				PRODUCT_NAME = "$(TARGET_NAME)";
				SWIFT_VERSION = 3.0;
			};
			name = Debug;
		};
		D1F6EB1E1DDF4DDF002A860A /* Release */ = {
			isa = XCBuildConfiguration;
			buildSettings = {
				ASSETCATALOG_COMPILER_APPICON_NAME = AppIcon;
				DEVELOPMENT_TEAM = 859LK3T2WH;
				INFOPLIST_FILE = EMPageView_Playground/Info.plist;
				LD_RUNPATH_SEARCH_PATHS = "$(inherited) @executable_path/Frameworks";
				PRODUCT_BUNDLE_IDENTIFIER = "com.Laura-Evans.EMPageView-Playground";
				PRODUCT_NAME = "$(TARGET_NAME)";
				SWIFT_VERSION = 3.0;
			};
			name = Release;
		};
/* End XCBuildConfiguration section */

/* Begin XCConfigurationList section */
		D1F6EB051DDF4DDF002A860A /* Build configuration list for PBXProject "EMPageView_Playground" */ = {
			isa = XCConfigurationList;
			buildConfigurations = (
				D1F6EB1A1DDF4DDF002A860A /* Debug */,
				D1F6EB1B1DDF4DDF002A860A /* Release */,
			);
			defaultConfigurationIsVisible = 0;
			defaultConfigurationName = Release;
		};
		D1F6EB1C1DDF4DDF002A860A /* Build configuration list for PBXNativeTarget "EMPageView_Playground" */ = {
			isa = XCConfigurationList;
			buildConfigurations = (
				D1F6EB1D1DDF4DDF002A860A /* Debug */,
				D1F6EB1E1DDF4DDF002A860A /* Release */,
			);
			defaultConfigurationIsVisible = 0;
		};
/* End XCConfigurationList section */
	};
	rootObject = D1F6EB021DDF4DDF002A860A /* Project object */;
}
